
Microsoft Visual Studio Solution File, Format Version 12.00
# Visual Studio Version 16
VisualStudioVersion = 16.0.31105.61
MinimumVisualStudioVersion = 10.0.40219.1
Project("{9A19103F-16F7-4668-BE54-9A1E7A4F7556}") = "CurrencyExchangeRate", "CurrencyExchangeRate\CurrencyExchangeRate.csproj", "{42676CD3-38E4-4AA8-A452-354A90452FBF}"
EndProject
Project("{FAE04EC0-301F-11D3-BF4B-00C04F79EFBC}") = "CurrencyExchangeRateTest", "CurrencyExchangeRateTest\CurrencyExchangeRateTest.csproj", "{E363B981-8744-495B-AFC1-22BE91719C28}"
	ProjectSection(ProjectDependencies) = postProject
		{42676CD3-38E4-4AA8-A452-354A90452FBF} = {42676CD3-38E4-4AA8-A452-354A90452FBF}
	EndProjectSection
EndProject
Global
	GlobalSection(SolutionConfigurationPlatforms) = preSolution
		Debug|Any CPU = Debug|Any CPU
		Release|Any CPU = Release|Any CPU
	EndGlobalSection
	GlobalSection(ProjectConfigurationPlatforms) = postSolution
		{42676CD3-38E4-4AA8-A452-354A90452FBF}.Debug|Any CPU.ActiveCfg = Debug|Any CPU
		{42676CD3-38E4-4AA8-A452-354A90452FBF}.Debug|Any CPU.Build.0 = Debug|Any CPU
		{42676CD3-38E4-4AA8-A452-354A90452FBF}.Release|Any CPU.ActiveCfg = Release|Any CPU
		{42676CD3-38E4-4AA8-A452-354A90452FBF}.Release|Any CPU.Build.0 = Release|Any CPU
		{E363B981-8744-495B-AFC1-22BE91719C28}.Debug|Any CPU.ActiveCfg = Debug|Any CPU
		{E363B981-8744-495B-AFC1-22BE91719C28}.Debug|Any CPU.Build.0 = Debug|Any CPU
		{E363B981-8744-495B-AFC1-22BE91719C28}.Release|Any CPU.ActiveCfg = Release|Any CPU
		{E363B981-8744-495B-AFC1-22BE91719C28}.Release|Any CPU.Build.0 = Release|Any CPU
	EndGlobalSection
	GlobalSection(SolutionProperties) = preSolution
		HideSolutionNode = FALSE
	EndGlobalSection
	GlobalSection(ExtensibilityGlobals) = postSolution
		SolutionGuid = {8F134071-741E-4EEF-B426-1FFE7B432915}
	EndGlobalSection
EndGlobal
